
Microsoft Visual Studio Solution File, Format Version 12.00
Project("{FAE04EC0-301F-11D3-BF4B-00C04F79EFBC}") = "OSWS.WebApi", "OSWS.WebApi\OSWS.WebApi.csproj", "{AA693B45-8CA4-4C53-9F37-E8EE3B221028}"
EndProject
Project("{FAE04EC0-301F-11D3-BF4B-00C04F79EFBC}") = "OSWS.Library", "OSWS.Library\OSWS.Library.csproj", "{4DEDFD8E-2CE4-4464-B910-13A628654703}"
EndProject
Project("{FAE04EC0-301F-11D3-BF4B-00C04F79EFBC}") = "OSWS.Models", "OSWS.Models\OSWS.Models.csproj", "{4336AAD9-CE9A-41F2-9742-985A37C162E0}"
EndProject
Project("{FAE04EC0-301F-11D3-BF4B-00C04F79EFBC}") = "OSWS.KeyManager", "OSWS.KeyManager\OSWS.KeyManager.csproj", "{DF9808DD-988D-4DE9-8AFB-10CEFE23F5D2}"
EndProject
Project("{FAE04EC0-301F-11D3-BF4B-00C04F79EFBC}") = "OSWS.Common", "OSWS.Common\OSWS.Common.csproj", "{C965129C-4892-4FED-8D4C-15DA1F2F34EF}"
EndProject
Project("{FAE04EC0-301F-11D3-BF4B-00C04F79EFBC}") = "OSWS.ParquetSolver", "OSWS.ParquetSolver\OSWS.ParquetSolver.csproj", "{A0D0E85B-46F5-4EA3-A77A-ED8FF5164E99}"
EndProject
Project("{FAE04EC0-301F-11D3-BF4B-00C04F79EFBC}") = "OSWS.WebApi.Tests", "OSWS.WebApi.Tests\OSWS.WebApi.Tests.csproj", "{B3624B33-CD73-4559-8E07-8438BC319C23}"
EndProject
Project("{FAE04EC0-301F-11D3-BF4B-00C04F79EFBC}") = "OSWS.Performance.Benchmarks", "OSWS.Performance.Benchmarks\OSWS.Performance.Benchmarks.csproj", "{A8492522-34D8-46F0-82C6-39EADA882516}"
EndProject
Project("{FAE04EC0-301F-11D3-BF4B-00C04F79EFBC}") = "OSWS.ParquetSolver.Tests", "OSWS.ParquetSolver.Tests\OSWS.ParquetSolver.Tests.csproj", "{4143167E-AB9B-4A3C-824B-781224EB4CE7}"
EndProject
Global
	GlobalSection(SolutionConfigurationPlatforms) = preSolution
		Debug|Any CPU = Debug|Any CPU
		Debug|x64 = Debug|x64
		Debug|x86 = Debug|x86
		Release|Any CPU = Release|Any CPU
		Release|x64 = Release|x64
		Release|x86 = Release|x86
	EndGlobalSection
	GlobalSection(ProjectConfigurationPlatforms) = postSolution
		{AA693B45-8CA4-4C53-9F37-E8EE3B221028}.Debug|Any CPU.ActiveCfg = Debug|Any CPU
		{AA693B45-8CA4-4C53-9F37-E8EE3B221028}.Debug|Any CPU.Build.0 = Debug|Any CPU
		{AA693B45-8CA4-4C53-9F37-E8EE3B221028}.Debug|x64.ActiveCfg = Debug|Any CPU
		{AA693B45-8CA4-4C53-9F37-E8EE3B221028}.Debug|x64.Build.0 = Debug|Any CPU
		{AA693B45-8CA4-4C53-9F37-E8EE3B221028}.Debug|x86.ActiveCfg = Debug|Any CPU
		{AA693B45-8CA4-4C53-9F37-E8EE3B221028}.Debug|x86.Build.0 = Debug|Any CPU
		{AA693B45-8CA4-4C53-9F37-E8EE3B221028}.Release|Any CPU.ActiveCfg = Release|Any CPU
		{AA693B45-8CA4-4C53-9F37-E8EE3B221028}.Release|Any CPU.Build.0 = Release|Any CPU
		{AA693B45-8CA4-4C53-9F37-E8EE3B221028}.Release|x64.ActiveCfg = Release|Any CPU
		{AA693B45-8CA4-4C53-9F37-E8EE3B221028}.Release|x64.Build.0 = Release|Any CPU
		{AA693B45-8CA4-4C53-9F37-E8EE3B221028}.Release|x86.ActiveCfg = Release|Any CPU
		{AA693B45-8CA4-4C53-9F37-E8EE3B221028}.Release|x86.Build.0 = Release|Any CPU
		{4DEDFD8E-2CE4-4464-B910-13A628654703}.Debug|Any CPU.ActiveCfg = Debug|Any CPU
		{4DEDFD8E-2CE4-4464-B910-13A628654703}.Debug|Any CPU.Build.0 = Debug|Any CPU
		{4DEDFD8E-2CE4-4464-B910-13A628654703}.Debug|x64.ActiveCfg = Debug|Any CPU
		{4DEDFD8E-2CE4-4464-B910-13A628654703}.Debug|x64.Build.0 = Debug|Any CPU
		{4DEDFD8E-2CE4-4464-B910-13A628654703}.Debug|x86.ActiveCfg = Debug|Any CPU
		{4DEDFD8E-2CE4-4464-B910-13A628654703}.Debug|x86.Build.0 = Debug|Any CPU
		{4DEDFD8E-2CE4-4464-B910-13A628654703}.Release|Any CPU.ActiveCfg = Release|Any CPU
		{4DEDFD8E-2CE4-4464-B910-13A628654703}.Release|Any CPU.Build.0 = Release|Any CPU
		{4DEDFD8E-2CE4-4464-B910-13A628654703}.Release|x64.ActiveCfg = Release|Any CPU
		{4DEDFD8E-2CE4-4464-B910-13A628654703}.Release|x64.Build.0 = Release|Any CPU
		{4DEDFD8E-2CE4-4464-B910-13A628654703}.Release|x86.ActiveCfg = Release|Any CPU
		{4DEDFD8E-2CE4-4464-B910-13A628654703}.Release|x86.Build.0 = Release|Any CPU
		{4336AAD9-CE9A-41F2-9742-985A37C162E0}.Debug|Any CPU.ActiveCfg = Debug|Any CPU
		{4336AAD9-CE9A-41F2-9742-985A37C162E0}.Debug|Any CPU.Build.0 = Debug|Any CPU
		{4336AAD9-CE9A-41F2-9742-985A37C162E0}.Debug|x64.ActiveCfg = Debug|Any CPU
		{4336AAD9-CE9A-41F2-9742-985A37C162E0}.Debug|x64.Build.0 = Debug|Any CPU
		{4336AAD9-CE9A-41F2-9742-985A37C162E0}.Debug|x86.ActiveCfg = Debug|Any CPU
		{4336AAD9-CE9A-41F2-9742-985A37C162E0}.Debug|x86.Build.0 = Debug|Any CPU
		{4336AAD9-CE9A-41F2-9742-985A37C162E0}.Release|Any CPU.ActiveCfg = Release|Any CPU
		{4336AAD9-CE9A-41F2-9742-985A37C162E0}.Release|Any CPU.Build.0 = Release|Any CPU
		{4336AAD9-CE9A-41F2-9742-985A37C162E0}.Release|x64.ActiveCfg = Release|Any CPU
		{4336AAD9-CE9A-41F2-9742-985A37C162E0}.Release|x64.Build.0 = Release|Any CPU
		{4336AAD9-CE9A-41F2-9742-985A37C162E0}.Release|x86.ActiveCfg = Release|Any CPU
		{4336AAD9-CE9A-41F2-9742-985A37C162E0}.Release|x86.Build.0 = Release|Any CPU
		{DF9808DD-988D-4DE9-8AFB-10CEFE23F5D2}.Debug|Any CPU.ActiveCfg = Debug|Any CPU
		{DF9808DD-988D-4DE9-8AFB-10CEFE23F5D2}.Debug|Any CPU.Build.0 = Debug|Any CPU
		{DF9808DD-988D-4DE9-8AFB-10CEFE23F5D2}.Debug|x64.ActiveCfg = Debug|Any CPU
		{DF9808DD-988D-4DE9-8AFB-10CEFE23F5D2}.Debug|x64.Build.0 = Debug|Any CPU
		{DF9808DD-988D-4DE9-8AFB-10CEFE23F5D2}.Debug|x86.ActiveCfg = Debug|Any CPU
		{DF9808DD-988D-4DE9-8AFB-10CEFE23F5D2}.Debug|x86.Build.0 = Debug|Any CPU
		{DF9808DD-988D-4DE9-8AFB-10CEFE23F5D2}.Release|Any CPU.ActiveCfg = Release|Any CPU
		{DF9808DD-988D-4DE9-8AFB-10CEFE23F5D2}.Release|Any CPU.Build.0 = Release|Any CPU
		{DF9808DD-988D-4DE9-8AFB-10CEFE23F5D2}.Release|x64.ActiveCfg = Release|Any CPU
		{DF9808DD-988D-4DE9-8AFB-10CEFE23F5D2}.Release|x64.Build.0 = Release|Any CPU
		{DF9808DD-988D-4DE9-8AFB-10CEFE23F5D2}.Release|x86.ActiveCfg = Release|Any CPU
		{DF9808DD-988D-4DE9-8AFB-10CEFE23F5D2}.Release|x86.Build.0 = Release|Any CPU
		{C965129C-4892-4FED-8D4C-15DA1F2F34EF}.Debug|Any CPU.ActiveCfg = Debug|Any CPU
		{C965129C-4892-4FED-8D4C-15DA1F2F34EF}.Debug|Any CPU.Build.0 = Debug|Any CPU
		{C965129C-4892-4FED-8D4C-15DA1F2F34EF}.Debug|x64.ActiveCfg = Debug|Any CPU
		{C965129C-4892-4FED-8D4C-15DA1F2F34EF}.Debug|x64.Build.0 = Debug|Any CPU
		{C965129C-4892-4FED-8D4C-15DA1F2F34EF}.Debug|x86.ActiveCfg = Debug|Any CPU
		{C965129C-4892-4FED-8D4C-15DA1F2F34EF}.Debug|x86.Build.0 = Debug|Any CPU
		{C965129C-4892-4FED-8D4C-15DA1F2F34EF}.Release|Any CPU.ActiveCfg = Release|Any CPU
		{C965129C-4892-4FED-8D4C-15DA1F2F34EF}.Release|Any CPU.Build.0 = Release|Any CPU
		{C965129C-4892-4FED-8D4C-15DA1F2F34EF}.Release|x64.ActiveCfg = Release|Any CPU
		{C965129C-4892-4FED-8D4C-15DA1F2F34EF}.Release|x64.Build.0 = Release|Any CPU
		{C965129C-4892-4FED-8D4C-15DA1F2F34EF}.Release|x86.ActiveCfg = Release|Any CPU
		{C965129C-4892-4FED-8D4C-15DA1F2F34EF}.Release|x86.Build.0 = Release|Any CPU
		{A0D0E85B-46F5-4EA3-A77A-ED8FF5164E99}.Debug|Any CPU.ActiveCfg = Debug|Any CPU
		{A0D0E85B-46F5-4EA3-A77A-ED8FF5164E99}.Debug|Any CPU.Build.0 = Debug|Any CPU
		{A0D0E85B-46F5-4EA3-A77A-ED8FF5164E99}.Debug|x64.ActiveCfg = Debug|Any CPU
		{A0D0E85B-46F5-4EA3-A77A-ED8FF5164E99}.Debug|x64.Build.0 = Debug|Any CPU
		{A0D0E85B-46F5-4EA3-A77A-ED8FF5164E99}.Debug|x86.ActiveCfg = Debug|Any CPU
		{A0D0E85B-46F5-4EA3-A77A-ED8FF5164E99}.Debug|x86.Build.0 = Debug|Any CPU
		{A0D0E85B-46F5-4EA3-A77A-ED8FF5164E99}.Release|Any CPU.ActiveCfg = Release|Any CPU
		{A0D0E85B-46F5-4EA3-A77A-ED8FF5164E99}.Release|Any CPU.Build.0 = Release|Any CPU
		{A0D0E85B-46F5-4EA3-A77A-ED8FF5164E99}.Release|x64.ActiveCfg = Release|Any CPU
		{A0D0E85B-46F5-4EA3-A77A-ED8FF5164E99}.Release|x64.Build.0 = Release|Any CPU
		{A0D0E85B-46F5-4EA3-A77A-ED8FF5164E99}.Release|x86.ActiveCfg = Release|Any CPU
		{A0D0E85B-46F5-4EA3-A77A-ED8FF5164E99}.Release|x86.Build.0 = Release|Any CPU
		{B3624B33-CD73-4559-8E07-8438BC319C23}.Debug|Any CPU.ActiveCfg = Debug|Any CPU
		{B3624B33-CD73-4559-8E07-8438BC319C23}.Debug|Any CPU.Build.0 = Debug|Any CPU
		{B3624B33-CD73-4559-8E07-8438BC319C23}.Debug|x64.ActiveCfg = Debug|Any CPU
		{B3624B33-CD73-4559-8E07-8438BC319C23}.Debug|x64.Build.0 = Debug|Any CPU
		{B3624B33-CD73-4559-8E07-8438BC319C23}.Debug|x86.ActiveCfg = Debug|Any CPU
		{B3624B33-CD73-4559-8E07-8438BC319C23}.Debug|x86.Build.0 = Debug|Any CPU
		{B3624B33-CD73-4559-8E07-8438BC319C23}.Release|Any CPU.ActiveCfg = Release|Any CPU
		{B3624B33-CD73-4559-8E07-8438BC319C23}.Release|Any CPU.Build.0 = Release|Any CPU
		{B3624B33-CD73-4559-8E07-8438BC319C23}.Release|x64.ActiveCfg = Release|Any CPU
		{B3624B33-CD73-4559-8E07-8438BC319C23}.Release|x64.Build.0 = Release|Any CPU
		{B3624B33-CD73-4559-8E07-8438BC319C23}.Release|x86.ActiveCfg = Release|Any CPU
		{B3624B33-CD73-4559-8E07-8438BC319C23}.Release|x86.Build.0 = Release|Any CPU
		{A8492522-34D8-46F0-82C6-39EADA882516}.Debug|Any CPU.ActiveCfg = Debug|Any CPU
		{A8492522-34D8-46F0-82C6-39EADA882516}.Debug|Any CPU.Build.0 = Debug|Any CPU
		{A8492522-34D8-46F0-82C6-39EADA882516}.Debug|x64.ActiveCfg = Debug|Any CPU
		{A8492522-34D8-46F0-82C6-39EADA882516}.Debug|x64.Build.0 = Debug|Any CPU
		{A8492522-34D8-46F0-82C6-39EADA882516}.Debug|x86.ActiveCfg = Debug|Any CPU
		{A8492522-34D8-46F0-82C6-39EADA882516}.Debug|x86.Build.0 = Debug|Any CPU
		{A8492522-34D8-46F0-82C6-39EADA882516}.Release|Any CPU.ActiveCfg = Release|Any CPU
		{A8492522-34D8-46F0-82C6-39EADA882516}.Release|Any CPU.Build.0 = Release|Any CPU
		{A8492522-34D8-46F0-82C6-39EADA882516}.Release|x64.ActiveCfg = Release|Any CPU
		{A8492522-34D8-46F0-82C6-39EADA882516}.Release|x64.Build.0 = Release|Any CPU
		{A8492522-34D8-46F0-82C6-39EADA882516}.Release|x86.ActiveCfg = Release|Any CPU
		{A8492522-34D8-46F0-82C6-39EADA882516}.Release|x86.Build.0 = Release|Any CPU
		{4143167E-AB9B-4A3C-824B-781224EB4CE7}.Debug|Any CPU.ActiveCfg = Debug|Any CPU
		{4143167E-AB9B-4A3C-824B-781224EB4CE7}.Debug|Any CPU.Build.0 = Debug|Any CPU
		{4143167E-AB9B-4A3C-824B-781224EB4CE7}.Debug|x64.ActiveCfg = Debug|Any CPU
		{4143167E-AB9B-4A3C-824B-781224EB4CE7}.Debug|x64.Build.0 = Debug|Any CPU
		{4143167E-AB9B-4A3C-824B-781224EB4CE7}.Debug|x86.ActiveCfg = Debug|Any CPU
		{4143167E-AB9B-4A3C-824B-781224EB4CE7}.Debug|x86.Build.0 = Debug|Any CPU
		{4143167E-AB9B-4A3C-824B-781224EB4CE7}.Release|Any CPU.ActiveCfg = Release|Any CPU
		{4143167E-AB9B-4A3C-824B-781224EB4CE7}.Release|Any CPU.Build.0 = Release|Any CPU
		{4143167E-AB9B-4A3C-824B-781224EB4CE7}.Release|x64.ActiveCfg = Release|Any CPU
		{4143167E-AB9B-4A3C-824B-781224EB4CE7}.Release|x64.Build.0 = Release|Any CPU
		{4143167E-AB9B-4A3C-824B-781224EB4CE7}.Release|x86.ActiveCfg = Release|Any CPU
		{4143167E-AB9B-4A3C-824B-781224EB4CE7}.Release|x86.Build.0 = Release|Any CPU
	EndGlobalSection
	GlobalSection(SolutionProperties) = preSolution
		HideSolutionNode = FALSE
	EndGlobalSection
EndGlobal
